
Microsoft Visual Studio Solution File, Format Version 12.00
Project("{FAE04EC0-301F-11D3-BF4B-00C04F79EFBC}") = "RT-NET", "RT-NET\RT-NET.csproj", "{53072500-68EC-4AFC-BB31-7F298EAF3F17}"
EndProject
Project("{FAE04EC0-301F-11D3-BF4B-00C04F79EFBC}") = "RT-NET.Api", "RT-NET.Api\RT-NET.Api.csproj", "{2417EB9C-977B-4C3F-9E66-AF7B777F68A2}"
EndProject
Global
	GlobalSection(SolutionConfigurationPlatforms) = preSolution
		Debug|Any CPU = Debug|Any CPU
		Release|Any CPU = Release|Any CPU
	EndGlobalSection
	GlobalSection(ProjectConfigurationPlatforms) = postSolution
		{53072500-68EC-4AFC-BB31-7F298EAF3F17}.Debug|Any CPU.ActiveCfg = Debug|Any CPU
		{53072500-68EC-4AFC-BB31-7F298EAF3F17}.Debug|Any CPU.Build.0 = Debug|Any CPU
		{53072500-68EC-4AFC-BB31-7F298EAF3F17}.Release|Any CPU.ActiveCfg = Release|Any CPU
		{53072500-68EC-4AFC-BB31-7F298EAF3F17}.Release|Any CPU.Build.0 = Release|Any CPU
		{2417EB9C-977B-4C3F-9E66-AF7B777F68A2}.Debug|Any CPU.ActiveCfg = Debug|Any CPU
		{2417EB9C-977B-4C3F-9E66-AF7B777F68A2}.Debug|Any CPU.Build.0 = Debug|Any CPU
		{2417EB9C-977B-4C3F-9E66-AF7B777F68A2}.Release|Any CPU.ActiveCfg = Release|Any CPU
		{2417EB9C-977B-4C3F-9E66-AF7B777F68A2}.Release|Any CPU.Build.0 = Release|Any CPU
	EndGlobalSection
EndGlobal
